
Microsoft Visual Studio Solution File, Format Version 12.00
# Visual Studio Version 17
VisualStudioVersion = 17.5.33530.505
MinimumVisualStudioVersion = 10.0.40219.1
Project("{9A19103F-16F7-4668-BE54-9A1E7A4F7556}") = "Nucleotidz.Kafka.Consumer", "src\Consumer\Nucleotidz.Kafka.Consumer\Nucleotidz.Kafka.Consumer.csproj", "{BF16D834-CF54-483F-861D-E8E9AE8DEA25}"
EndProject
Project("{9A19103F-16F7-4668-BE54-9A1E7A4F7556}") = "Nucleotidz.Kafka.Abstraction", "src\Abstraction\Nucleotidz.Kafka.Abstraction\Nucleotidz.Kafka.Abstraction.csproj", "{EB465E02-BB63-49FC-8054-F559AD16BBE9}"
EndProject
Project("{9A19103F-16F7-4668-BE54-9A1E7A4F7556}") = "Nucleotidz.Kafka.SchemaRegistry", "src\SchemaRegistry\Nucleotidz.Kafka.SchemaRegistry\Nucleotidz.Kafka.SchemaRegistry.csproj", "{4B3CC00B-2D59-4F4F-BD52-6DDD9CA38DE3}"
EndProject
Project("{9A19103F-16F7-4668-BE54-9A1E7A4F7556}") = "Nucleotidz.Kafka.Serializer", "src\Serializer\Nucleotidz.Kafka.Serializer\Nucleotidz.Kafka.Serializer.csproj", "{F9B9F7A6-17AA-4769-BDC6-A48F7765987F}"
EndProject
Project("{2150E333-8FDC-42A3-9474-1A3956D46DE8}") = "Examples", "Examples", "{0CE28804-3B7F-4729-81CF-659D656EBCDA}"
EndProject
Project("{FAE04EC0-301F-11D3-BF4B-00C04F79EFBC}") = "Nucleotidz.Consumer.Json", "Example\Nucleotidz.Consumer.Json\Nucleotidz.Consumer.Json.csproj", "{9285039E-6F29-430E-BA8F-E4CC4D59BA8E}"
EndProject
Project("{9A19103F-16F7-4668-BE54-9A1E7A4F7556}") = "Nucleotidz.Consumer.Avro", "Example\Nucleotidz.Consumer.Avro\Nucleotidz.Consumer.Avro.csproj", "{50B8C3D2-92A4-4C6B-B55B-404F40354840}"
EndProject
Global
	GlobalSection(SolutionConfigurationPlatforms) = preSolution
		Debug|Any CPU = Debug|Any CPU
		Release|Any CPU = Release|Any CPU
	EndGlobalSection
	GlobalSection(ProjectConfigurationPlatforms) = postSolution
		{BF16D834-CF54-483F-861D-E8E9AE8DEA25}.Debug|Any CPU.ActiveCfg = Debug|Any CPU
		{BF16D834-CF54-483F-861D-E8E9AE8DEA25}.Debug|Any CPU.Build.0 = Debug|Any CPU
		{BF16D834-CF54-483F-861D-E8E9AE8DEA25}.Release|Any CPU.ActiveCfg = Release|Any CPU
		{BF16D834-CF54-483F-861D-E8E9AE8DEA25}.Release|Any CPU.Build.0 = Release|Any CPU
		{EB465E02-BB63-49FC-8054-F559AD16BBE9}.Debug|Any CPU.ActiveCfg = Debug|Any CPU
		{EB465E02-BB63-49FC-8054-F559AD16BBE9}.Debug|Any CPU.Build.0 = Debug|Any CPU
		{EB465E02-BB63-49FC-8054-F559AD16BBE9}.Release|Any CPU.ActiveCfg = Release|Any CPU
		{EB465E02-BB63-49FC-8054-F559AD16BBE9}.Release|Any CPU.Build.0 = Release|Any CPU
		{4B3CC00B-2D59-4F4F-BD52-6DDD9CA38DE3}.Debug|Any CPU.ActiveCfg = Debug|Any CPU
		{4B3CC00B-2D59-4F4F-BD52-6DDD9CA38DE3}.Debug|Any CPU.Build.0 = Debug|Any CPU
		{4B3CC00B-2D59-4F4F-BD52-6DDD9CA38DE3}.Release|Any CPU.ActiveCfg = Release|Any CPU
		{4B3CC00B-2D59-4F4F-BD52-6DDD9CA38DE3}.Release|Any CPU.Build.0 = Release|Any CPU
		{F9B9F7A6-17AA-4769-BDC6-A48F7765987F}.Debug|Any CPU.ActiveCfg = Debug|Any CPU
		{F9B9F7A6-17AA-4769-BDC6-A48F7765987F}.Debug|Any CPU.Build.0 = Debug|Any CPU
		{F9B9F7A6-17AA-4769-BDC6-A48F7765987F}.Release|Any CPU.ActiveCfg = Release|Any CPU
		{F9B9F7A6-17AA-4769-BDC6-A48F7765987F}.Release|Any CPU.Build.0 = Release|Any CPU
		{9285039E-6F29-430E-BA8F-E4CC4D59BA8E}.Debug|Any CPU.ActiveCfg = Debug|Any CPU
		{9285039E-6F29-430E-BA8F-E4CC4D59BA8E}.Debug|Any CPU.Build.0 = Debug|Any CPU
		{9285039E-6F29-430E-BA8F-E4CC4D59BA8E}.Release|Any CPU.ActiveCfg = Release|Any CPU
		{9285039E-6F29-430E-BA8F-E4CC4D59BA8E}.Release|Any CPU.Build.0 = Release|Any CPU
		{50B8C3D2-92A4-4C6B-B55B-404F40354840}.Debug|Any CPU.ActiveCfg = Debug|Any CPU
		{50B8C3D2-92A4-4C6B-B55B-404F40354840}.Debug|Any CPU.Build.0 = Debug|Any CPU
		{50B8C3D2-92A4-4C6B-B55B-404F40354840}.Release|Any CPU.ActiveCfg = Release|Any CPU
		{50B8C3D2-92A4-4C6B-B55B-404F40354840}.Release|Any CPU.Build.0 = Release|Any CPU
	EndGlobalSection
	GlobalSection(SolutionProperties) = preSolution
		HideSolutionNode = FALSE
	EndGlobalSection
	GlobalSection(NestedProjects) = preSolution
		{9285039E-6F29-430E-BA8F-E4CC4D59BA8E} = {0CE28804-3B7F-4729-81CF-659D656EBCDA}
		{50B8C3D2-92A4-4C6B-B55B-404F40354840} = {0CE28804-3B7F-4729-81CF-659D656EBCDA}
	EndGlobalSection
	GlobalSection(ExtensibilityGlobals) = postSolution
		SolutionGuid = {F7EA82D1-90A9-473A-9B69-475D721BEF45}
	EndGlobalSection
EndGlobal
